PODS:
  - Flutter (1.0.0)
  - IOSV5-TCCore (5.4.0)
  - tc_consent_plugin (1.4.1):
    - Flutter
    - IOSV5-TCCore (= 5.4.0)
    - TCConsent (= 5.3.1)
  - TCConsent (5.3.1)
  - tccore_plugin (1.1.1):
    - Flutter
    - IOSV5-TCCore (= 5.4.0)

DEPENDENCIES:
  - Flutter (from `Flutter`)
  - tc_consent_plugin (from `.symlinks/plugins/tc_consent_plugin/ios`)
  - tccore_plugin (from `.symlinks/plugins/tccore_plugin/ios`)

SPEC REPOS:
  trunk:
    - IOSV5-TCCore
    - TCConsent

EXTERNAL SOURCES:
  Flutter:
    :path: Flutter
  tc_consent_plugin:
    :path: ".symlinks/plugins/tc_consent_plugin/ios"
  tccore_plugin:
    :path: ".symlinks/plugins/tccore_plugin/ios"

SPEC CHECKSUMS:
  Flutter: e0871f40cf51350855a761d2e70bf5af5b9b5de7
  IOSV5-TCCore: c8553e0df90cab10cc8bc4aa8c37baea452021b0
  tc_consent_plugin: c2a4a7505b34a0687f49648c360c1d9f07889b8d
  TCConsent: ec222b6afa9419c634198bb8f778cd6dbaf27aa9
  tccore_plugin: ef4fd214d359ae46aa5a133c782be5fd7ec02cf2

PODFILE CHECKSUM: cf0c950f7e9a456b4e325f5b8fc0f98906a3705a

COCOAPODS: 1.15.2
