PODS:
  - Flutter (1.0.0)
  - IOSV5-TCCore (5.3.1)
  - tc_consent_plugin (1.3.0):
    - Flutter
    - IOSV5-TCCore (= 5.3.1)
    - TCConsent (= 5.1.9)
    - TCIAB (= 5.0.1)
  - TCConsent (5.1.9)
  - tccore_plugin (1.1.0):
    - Flutter
    - IOSV5-TCCore (= 5.3.1)
  - TCIAB (5.0.1)

DEPENDENCIES:
  - Flutter (from `Flutter`)
  - tc_consent_plugin (from `.symlinks/plugins/tc_consent_plugin/ios`)
  - tccore_plugin (from `.symlinks/plugins/tccore_plugin/ios`)

SPEC REPOS:
  trunk:
    - IOSV5-TCCore
    - TCConsent
    - TCIAB

EXTERNAL SOURCES:
  Flutter:
    :path: Flutter
  tc_consent_plugin:
    :path: ".symlinks/plugins/tc_consent_plugin/ios"
  tccore_plugin:
    :path: ".symlinks/plugins/tccore_plugin/ios"

SPEC CHECKSUMS:
  Flutter: f04841e97a9d0b0a8025694d0796dd46242b2854
  IOSV5-TCCore: 90a7566019c2b2a8a9d650978572e00a9e7f9604
  tc_consent_plugin: 23a61b561aaed68fcdf9d29b8d75f2cfad264fd7
  TCConsent: 695f30b7c68b0a1c4f28110e7eb081be537da7c8
  tccore_plugin: b7f1170d44879c8d556bf810678bea7541f9d4a6
  TCIAB: f0243220c47922012cdc122818773e09c8f5f21d

PODFILE CHECKSUM: cf0c950f7e9a456b4e325f5b8fc0f98906a3705a

COCOAPODS: 1.12.1
