PODS:
  - Flutter (1.0.0)
  - IOSV5-TCCore (5.4.1)
  - tc_consent_plugin (1.5.0):
    - Flutter
    - IOSV5-TCCore (= 5.4.1)
    - TCConsent (= 5.3.5)
    - TCIAB (= 5.1.1)
  - TCConsent (5.3.5)
  - tccore_plugin (1.3.0):
    - Flutter
    - IOSV5-TCCore (= 5.4.1)
  - TCIAB (5.1.1)

DEPENDENCIES:
  - Flutter (from `Flutter`)
  - tc_consent_plugin (from `.symlinks/plugins/tc_consent_plugin/ios`)
  - tccore_plugin (from `.symlinks/plugins/tccore_plugin/ios`)

SPEC REPOS:
  trunk:
    - IOSV5-TCCore
    - TCConsent
    - TCIAB

EXTERNAL SOURCES:
  Flutter:
    :path: Flutter
  tc_consent_plugin:
    :path: ".symlinks/plugins/tc_consent_plugin/ios"
  tccore_plugin:
    :path: ".symlinks/plugins/tccore_plugin/ios"

SPEC CHECKSUMS:
  Flutter: e0871f40cf51350855a761d2e70bf5af5b9b5de7
  IOSV5-TCCore: 3cc6b6d73bf951daea23b371e914783b5b07a73b
  tc_consent_plugin: a0b56280c1ebe082a881afd49ae88ed841bd061b
  TCConsent: a45c08c0320c3679de0b119567acd6039d970407
  tccore_plugin: afb3bde35fd720e420c1bbe6d8bce45dc9d0015d
  TCIAB: 5ef3919a2dbb3ec590b0655fb3501619e31585f7

PODFILE CHECKSUM: cf0c950f7e9a456b4e325f5b8fc0f98906a3705a

COCOAPODS: 1.16.2
